
Microsoft Visual Studio Solution File, Format Version 12.00
# Visual Studio 15
VisualStudioVersion = 15.0.28010.2046
MinimumVisualStudioVersion = 10.0.40219.1
Project("{FAE04EC0-301F-11D3-BF4B-00C04F79EFBC}") = "STMainClassLibrary", "STMainClassLibrary\STMainClassLibrary.csproj", "{F11B0229-C3FC-42E0-9F49-B915E80E7B71}"
EndProject
Project("{FAE04EC0-301F-11D3-BF4B-00C04F79EFBC}") = "STBackOffice", "STBackOffice\STBackOffice.csproj", "{1DBE94A2-FAD4-4366-A710-562156EDE905}"
EndProject
Project("{FAE04EC0-301F-11D3-BF4B-00C04F79EFBC}") = "STFrontEnd", "STFrontEnd\STFrontEnd.csproj", "{8A9F451F-2CAB-4AD3-AA14-1DD1F0B0E964}"
EndProject
Project("{FAE04EC0-301F-11D3-BF4B-00C04F79EFBC}") = "TestProjects", "TestProjects\TestProjects.csproj", "{34AA10F5-DAA4-49DA-BF35-038C41F493B2}"
EndProject
Global
	GlobalSection(SolutionConfigurationPlatforms) = preSolution
		Debug|Any CPU = Debug|Any CPU
		Release|Any CPU = Release|Any CPU
	EndGlobalSection
	GlobalSection(ProjectConfigurationPlatforms) = postSolution
		{F11B0229-C3FC-42E0-9F49-B915E80E7B71}.Debug|Any CPU.ActiveCfg = Debug|Any CPU
		{F11B0229-C3FC-42E0-9F49-B915E80E7B71}.Debug|Any CPU.Build.0 = Debug|Any CPU
		{F11B0229-C3FC-42E0-9F49-B915E80E7B71}.Release|Any CPU.ActiveCfg = Release|Any CPU
		{F11B0229-C3FC-42E0-9F49-B915E80E7B71}.Release|Any CPU.Build.0 = Release|Any CPU
		{1DBE94A2-FAD4-4366-A710-562156EDE905}.Debug|Any CPU.ActiveCfg = Debug|Any CPU
		{1DBE94A2-FAD4-4366-A710-562156EDE905}.Debug|Any CPU.Build.0 = Debug|Any CPU
		{1DBE94A2-FAD4-4366-A710-562156EDE905}.Release|Any CPU.ActiveCfg = Release|Any CPU
		{1DBE94A2-FAD4-4366-A710-562156EDE905}.Release|Any CPU.Build.0 = Release|Any CPU
		{8A9F451F-2CAB-4AD3-AA14-1DD1F0B0E964}.Debug|Any CPU.ActiveCfg = Debug|Any CPU
		{8A9F451F-2CAB-4AD3-AA14-1DD1F0B0E964}.Debug|Any CPU.Build.0 = Debug|Any CPU
		{8A9F451F-2CAB-4AD3-AA14-1DD1F0B0E964}.Release|Any CPU.ActiveCfg = Release|Any CPU
		{8A9F451F-2CAB-4AD3-AA14-1DD1F0B0E964}.Release|Any CPU.Build.0 = Release|Any CPU
		{34AA10F5-DAA4-49DA-BF35-038C41F493B2}.Debug|Any CPU.ActiveCfg = Debug|Any CPU
		{34AA10F5-DAA4-49DA-BF35-038C41F493B2}.Debug|Any CPU.Build.0 = Debug|Any CPU
		{34AA10F5-DAA4-49DA-BF35-038C41F493B2}.Release|Any CPU.ActiveCfg = Release|Any CPU
		{34AA10F5-DAA4-49DA-BF35-038C41F493B2}.Release|Any CPU.Build.0 = Release|Any CPU
	EndGlobalSection
	GlobalSection(SolutionProperties) = preSolution
		HideSolutionNode = FALSE
	EndGlobalSection
	GlobalSection(ExtensibilityGlobals) = postSolution
		SolutionGuid = {D69A962F-5C69-4EE3-ACE7-69654549D40C}
	EndGlobalSection
EndGlobal
